
Microsoft Visual Studio Solution File, Format Version 12.00
# Visual Studio 15
VisualStudioVersion = 15.0.26430.16
MinimumVisualStudioVersion = 10.0.40219.1
Project("{FAE04EC0-301F-11D3-BF4B-00C04F79EFBC}") = "Naxam.AndroidFloatingActionButton.Droid", "Naxam.AndroidFloatingActionButton.Droid\Naxam.AndroidFloatingActionButton.Droid.csproj", "{B39D7C46-7F43-4AC2-B7C7-2D4332FFED60}"
EndProject
Project("{2150E333-8FDC-42A3-9474-1A3956D46DE8}") = "demo", "demo", "{646C7320-C911-4D77-A348-3C31FFB4C07E}"
EndProject
Project("{FAE04EC0-301F-11D3-BF4B-00C04F79EFBC}") = "AndroidFloatingActionButtonQs", "AndroidFloatingActionButtonQs\AndroidFloatingActionButtonQs.csproj", "{3FC98655-06C2-4C9F-9193-86878CE90737}"
EndProject
Global
	GlobalSection(SolutionConfigurationPlatforms) = preSolution
		Debug|Any CPU = Debug|Any CPU
		Release|Any CPU = Release|Any CPU
	EndGlobalSection
	GlobalSection(ProjectConfigurationPlatforms) = postSolution
		{B39D7C46-7F43-4AC2-B7C7-2D4332FFED60}.Debug|Any CPU.ActiveCfg = Debug|Any CPU
		{B39D7C46-7F43-4AC2-B7C7-2D4332FFED60}.Debug|Any CPU.Build.0 = Debug|Any CPU
		{B39D7C46-7F43-4AC2-B7C7-2D4332FFED60}.Release|Any CPU.ActiveCfg = Release|Any CPU
		{B39D7C46-7F43-4AC2-B7C7-2D4332FFED60}.Release|Any CPU.Build.0 = Release|Any CPU
		{3FC98655-06C2-4C9F-9193-86878CE90737}.Debug|Any CPU.ActiveCfg = Debug|Any CPU
		{3FC98655-06C2-4C9F-9193-86878CE90737}.Debug|Any CPU.Build.0 = Debug|Any CPU
		{3FC98655-06C2-4C9F-9193-86878CE90737}.Debug|Any CPU.Deploy.0 = Debug|Any CPU
		{3FC98655-06C2-4C9F-9193-86878CE90737}.Release|Any CPU.ActiveCfg = Release|Any CPU
		{3FC98655-06C2-4C9F-9193-86878CE90737}.Release|Any CPU.Build.0 = Release|Any CPU
		{3FC98655-06C2-4C9F-9193-86878CE90737}.Release|Any CPU.Deploy.0 = Release|Any CPU
	EndGlobalSection
	GlobalSection(SolutionProperties) = preSolution
		HideSolutionNode = FALSE
	EndGlobalSection
	GlobalSection(NestedProjects) = preSolution
		{3FC98655-06C2-4C9F-9193-86878CE90737} = {646C7320-C911-4D77-A348-3C31FFB4C07E}
	EndGlobalSection
EndGlobal
